// !$*UTF8*$!
{
	archiveVersion = 1;
	classes = {
	};
	objectVersion = 46;
	objects = {

/* Begin PBXBuildFile section */
		71C3889F505F37A0F82A483F /* Pods_Enchant.framework in Frameworks */ = {isa = PBXBuildFile; fileRef = 260E0107C673263FE8B9FAAE /* Pods_Enchant.framework */; };
		98215B1D1E3FF28000DDED93 /* ProfileTableViewController.swift in Sources */ = {isa = PBXBuildFile; fileRef = 98215B1C1E3FF28000DDED93 /* ProfileTableViewController.swift */; };
		98215B1F1E405B8300DDED93 /* CheifSpecialTableViewCell.swift in Sources */ = {isa = PBXBuildFile; fileRef = 98215B1E1E405B8300DDED93 /* CheifSpecialTableViewCell.swift */; };
		98215B221E405D1700DDED93 /* CheifSpecialCollectionViewCell.swift in Sources */ = {isa = PBXBuildFile; fileRef = 98215B211E405D1700DDED93 /* CheifSpecialCollectionViewCell.swift */; };
		98215B241E40FEEF00DDED93 /* ProfileViewController.swift in Sources */ = {isa = PBXBuildFile; fileRef = 98215B231E40FEEF00DDED93 /* ProfileViewController.swift */; };
		986F34441E35CD8A001BB184 /* AppDelegate.swift in Sources */ = {isa = PBXBuildFile; fileRef = 986F34431E35CD8A001BB184 /* AppDelegate.swift */; };
		986F34461E35CD8A001BB184 /* CaptureViewController.swift in Sources */ = {isa = PBXBuildFile; fileRef = 986F34451E35CD8A001BB184 /* CaptureViewController.swift */; };
		986F34491E35CD8A001BB184 /* Main.storyboard in Resources */ = {isa = PBXBuildFile; fileRef = 986F34471E35CD8A001BB184 /* Main.storyboard */; };
		986F344B1E35CD8A001BB184 /* Assets.xcassets in Resources */ = {isa = PBXBuildFile; fileRef = 986F344A1E35CD8A001BB184 /* Assets.xcassets */; };
		986F344E1E35CD8A001BB184 /* LaunchScreen.storyboard in Resources */ = {isa = PBXBuildFile; fileRef = 986F344C1E35CD8A001BB184 /* LaunchScreen.storyboard */; };
		98D28E281E36C7DC00584CB1 /* StorybordIdentifier.swift in Sources */ = {isa = PBXBuildFile; fileRef = 98D28E241E36C7DC00584CB1 /* StorybordIdentifier.swift */; };
		98D28E291E36C7DC00584CB1 /* SegueIdentifier.swift in Sources */ = {isa = PBXBuildFile; fileRef = 98D28E251E36C7DC00584CB1 /* SegueIdentifier.swift */; };
		98D28E2A1E36C7DC00584CB1 /* AppNotification.swift in Sources */ = {isa = PBXBuildFile; fileRef = 98D28E261E36C7DC00584CB1 /* AppNotification.swift */; };
		98D28E2B1E36C7DC00584CB1 /* App.swift in Sources */ = {isa = PBXBuildFile; fileRef = 98D28E271E36C7DC00584CB1 /* App.swift */; };
		98D28E2D1E372EE200584CB1 /* PlayerView.swift in Sources */ = {isa = PBXBuildFile; fileRef = 98D28E2C1E372EE200584CB1 /* PlayerView.swift */; };
		98D5ABF81E36B12400FB2B07 /* UIViewExtension.swift in Sources */ = {isa = PBXBuildFile; fileRef = 98D5ABF71E36B12400FB2B07 /* UIViewExtension.swift */; };
		98EFAFB41E3878C200629289 /* Ultility.swift in Sources */ = {isa = PBXBuildFile; fileRef = 98EFAFB31E3878C200629289 /* Ultility.swift */; };
/* End PBXBuildFile section */

/* Begin PBXFileReference section */
		260E0107C673263FE8B9FAAE /* Pods_Enchant.framework */ = {isa = PBXFileReference; explicitFileType = wrapper.framework; includeInIndex = 0; path = Pods_Enchant.framework; sourceTree = BUILT_PRODUCTS_DIR; };
		57E0E0E86DECBEEF23494BD9 /* Pods-Enchant.release.xcconfig */ = {isa = PBXFileReference; includeInIndex = 1; lastKnownFileType = text.xcconfig; name = "Pods-Enchant.release.xcconfig"; path = "Pods/Target Support Files/Pods-Enchant/Pods-Enchant.release.xcconfig"; sourceTree = "<group>"; };
		98215B1C1E3FF28000DDED93 /* ProfileTableViewController.swift */ = {isa = PBXFileReference; fileEncoding = 4; lastKnownFileType = sourcecode.swift; path = ProfileTableViewController.swift; sourceTree = "<group>"; };
		98215B1E1E405B8300DDED93 /* CheifSpecialTableViewCell.swift */ = {isa = PBXFileReference; fileEncoding = 4; lastKnownFileType = sourcecode.swift; path = CheifSpecialTableViewCell.swift; sourceTree = "<group>"; };
		98215B211E405D1700DDED93 /* CheifSpecialCollectionViewCell.swift */ = {isa = PBXFileReference; fileEncoding = 4; lastKnownFileType = sourcecode.swift; path = CheifSpecialCollectionViewCell.swift; sourceTree = "<group>"; };
		98215B231E40FEEF00DDED93 /* ProfileViewController.swift */ = {isa = PBXFileReference; fileEncoding = 4; lastKnownFileType = sourcecode.swift; path = ProfileViewController.swift; sourceTree = "<group>"; };
		986F34401E35CD8A001BB184 /* Enchant.app */ = {isa = PBXFileReference; explicitFileType = wrapper.application; includeInIndex = 0; path = Enchant.app; sourceTree = BUILT_PRODUCTS_DIR; };
		986F34431E35CD8A001BB184 /* AppDelegate.swift */ = {isa = PBXFileReference; lastKnownFileType = sourcecode.swift; path = AppDelegate.swift; sourceTree = "<group>"; };
		986F34451E35CD8A001BB184 /* CaptureViewController.swift */ = {isa = PBXFileReference; lastKnownFileType = sourcecode.swift; path = CaptureViewController.swift; sourceTree = "<group>"; };
		986F34481E35CD8A001BB184 /* Base */ = {isa = PBXFileReference; lastKnownFileType = file.storyboard; name = Base; path = Base.lproj/Main.storyboard; sourceTree = "<group>"; };
		986F344A1E35CD8A001BB184 /* Assets.xcassets */ = {isa = PBXFileReference; lastKnownFileType = folder.assetcatalog; path = Assets.xcassets; sourceTree = "<group>"; };
		986F344D1E35CD8A001BB184 /* Base */ = {isa = PBXFileReference; lastKnownFileType = file.storyboard; name = Base; path = Base.lproj/LaunchScreen.storyboard; sourceTree = "<group>"; };
		986F344F1E35CD8A001BB184 /* Info.plist */ = {isa = PBXFileReference; lastKnownFileType = text.plist.xml; path = Info.plist; sourceTree = "<group>"; };
		98D28E241E36C7DC00584CB1 /* StorybordIdentifier.swift */ = {isa = PBXFileReference; fileEncoding = 4; lastKnownFileType = sourcecode.swift; path = StorybordIdentifier.swift; sourceTree = "<group>"; };
		98D28E251E36C7DC00584CB1 /* SegueIdentifier.swift */ = {isa = PBXFileReference; fileEncoding = 4; lastKnownFileType = sourcecode.swift; path = SegueIdentifier.swift; sourceTree = "<group>"; };
		98D28E261E36C7DC00584CB1 /* AppNotification.swift */ = {isa = PBXFileReference; fileEncoding = 4; lastKnownFileType = sourcecode.swift; path = AppNotification.swift; sourceTree = "<group>"; };
		98D28E271E36C7DC00584CB1 /* App.swift */ = {isa = PBXFileReference; fileEncoding = 4; lastKnownFileType = sourcecode.swift; path = App.swift; sourceTree = "<group>"; };
		98D28E2C1E372EE200584CB1 /* PlayerView.swift */ = {isa = PBXFileReference; fileEncoding = 4; lastKnownFileType = sourcecode.swift; path = PlayerView.swift; sourceTree = "<group>"; };
		98D5ABF71E36B12400FB2B07 /* UIViewExtension.swift */ = {isa = PBXFileReference; fileEncoding = 4; lastKnownFileType = sourcecode.swift; path = UIViewExtension.swift; sourceTree = "<group>"; };
		98EFAFB31E3878C200629289 /* Ultility.swift */ = {isa = PBXFileReference; fileEncoding = 4; lastKnownFileType = sourcecode.swift; path = Ultility.swift; sourceTree = "<group>"; };
		A19D911A0874661D1F3F0211 /* Pods-Enchant.debug.xcconfig */ = {isa = PBXFileReference; includeInIndex = 1; lastKnownFileType = text.xcconfig; name = "Pods-Enchant.debug.xcconfig"; path = "Pods/Target Support Files/Pods-Enchant/Pods-Enchant.debug.xcconfig"; sourceTree = "<group>"; };
/* End PBXFileReference section */

/* Begin PBXFrameworksBuildPhase section */
		986F343D1E35CD89001BB184 /* Frameworks */ = {
			isa = PBXFrameworksBuildPhase;
			buildActionMask = 2147483647;
			files = (
				71C3889F505F37A0F82A483F /* Pods_Enchant.framework in Frameworks */,
			);
			runOnlyForDeploymentPostprocessing = 0;
		};
/* End PBXFrameworksBuildPhase section */

/* Begin PBXGroup section */
		98215B201E405BA500DDED93 /* Capture */ = {
			isa = PBXGroup;
			children = (
				986F34451E35CD8A001BB184 /* CaptureViewController.swift */,
			);
			name = Capture;
			sourceTree = "<group>";
		};
		986F34371E35CD89001BB184 = {
			isa = PBXGroup;
			children = (
				986F34421E35CD8A001BB184 /* Enchant */,
				986F34411E35CD8A001BB184 /* Products */,
				E76671FD8F8960BA1752FFA4 /* Pods */,
				FE1126326990901688FDB3BC /* Frameworks */,
			);
			sourceTree = "<group>";
		};
		986F34411E35CD8A001BB184 /* Products */ = {
			isa = PBXGroup;
			children = (
				986F34401E35CD8A001BB184 /* Enchant.app */,
			);
			name = Products;
			sourceTree = "<group>";
		};
		986F34421E35CD8A001BB184 /* Enchant */ = {
			isa = PBXGroup;
			children = (
				986F34431E35CD8A001BB184 /* AppDelegate.swift */,
				98D28E2C1E372EE200584CB1 /* PlayerView.swift */,
				98D28E231E36C7D200584CB1 /* Macro */,
				98D5ABF61E36B10D00FB2B07 /* Extension */,
				98215B201E405BA500DDED93 /* Capture */,
				98215B1E1E405B8300DDED93 /* CheifSpecialTableViewCell.swift */,
				98215B211E405D1700DDED93 /* CheifSpecialCollectionViewCell.swift */,
				98215B231E40FEEF00DDED93 /* ProfileViewController.swift */,
				98215B1C1E3FF28000DDED93 /* ProfileTableViewController.swift */,
				986F34471E35CD8A001BB184 /* Main.storyboard */,
				986F344A1E35CD8A001BB184 /* Assets.xcassets */,
				986F344C1E35CD8A001BB184 /* LaunchScreen.storyboard */,
				986F344F1E35CD8A001BB184 /* Info.plist */,
			);
			path = Enchant;
			sourceTree = "<group>";
		};
		98D28E231E36C7D200584CB1 /* Macro */ = {
			isa = PBXGroup;
			children = (
				98D28E241E36C7DC00584CB1 /* StorybordIdentifier.swift */,
				98D28E251E36C7DC00584CB1 /* SegueIdentifier.swift */,
				98D28E261E36C7DC00584CB1 /* AppNotification.swift */,
				98EFAFB31E3878C200629289 /* Ultility.swift */,
				98D28E271E36C7DC00584CB1 /* App.swift */,
			);
			name = Macro;
			sourceTree = "<group>";
		};
		98D5ABF61E36B10D00FB2B07 /* Extension */ = {
			isa = PBXGroup;
			children = (
				98D5ABF71E36B12400FB2B07 /* UIViewExtension.swift */,
			);
			name = Extension;
			sourceTree = "<group>";
		};
		E76671FD8F8960BA1752FFA4 /* Pods */ = {
			isa = PBXGroup;
			children = (
				A19D911A0874661D1F3F0211 /* Pods-Enchant.debug.xcconfig */,
				57E0E0E86DECBEEF23494BD9 /* Pods-Enchant.release.xcconfig */,
			);
			name = Pods;
			sourceTree = "<group>";
		};
		FE1126326990901688FDB3BC /* Frameworks */ = {
			isa = PBXGroup;
			children = (
				260E0107C673263FE8B9FAAE /* Pods_Enchant.framework */,
			);
			name = Frameworks;
			sourceTree = "<group>";
		};
/* End PBXGroup section */

/* Begin PBXNativeTarget section */
		986F343F1E35CD89001BB184 /* Enchant */ = {
			isa = PBXNativeTarget;
			buildConfigurationList = 986F34521E35CD8A001BB184 /* Build configuration list for PBXNativeTarget "Enchant" */;
			buildPhases = (
				07EAC0DC3580353D7A55D94B /* [CP] Check Pods Manifest.lock */,
				986F343C1E35CD89001BB184 /* Sources */,
				986F343D1E35CD89001BB184 /* Frameworks */,
				986F343E1E35CD89001BB184 /* Resources */,
				B587E21149DC7C22DC1F83FE /* [CP] Embed Pods Frameworks */,
				55327DD704C6CE6682CF3D9D /* [CP] Copy Pods Resources */,
			);
			buildRules = (
			);
			dependencies = (
			);
			name = Enchant;
			productName = Enchant;
			productReference = 986F34401E35CD8A001BB184 /* Enchant.app */;
			productType = "com.apple.product-type.application";
		};
/* End PBXNativeTarget section */

/* Begin PBXProject section */
		986F34381E35CD89001BB184 /* Project object */ = {
			isa = PBXProject;
			attributes = {
				LastSwiftUpdateCheck = 0820;
				LastUpgradeCheck = 0820;
				ORGANIZATIONNAME = "___KesongXie___";
				TargetAttributes = {
					986F343F1E35CD89001BB184 = {
						CreatedOnToolsVersion = 8.2;
						DevelopmentTeam = 2ATYTS9SNC;
						ProvisioningStyle = Automatic;
					};
				};
			};
			buildConfigurationList = 986F343B1E35CD89001BB184 /* Build configuration list for PBXProject "Enchant" */;
			compatibilityVersion = "Xcode 3.2";
			developmentRegion = English;
			hasScannedForEncodings = 0;
			knownRegions = (
				en,
				Base,
			);
			mainGroup = 986F34371E35CD89001BB184;
			productRefGroup = 986F34411E35CD8A001BB184 /* Products */;
			projectDirPath = "";
			projectRoot = "";
			targets = (
				986F343F1E35CD89001BB184 /* Enchant */,
			);
		};
/* End PBXProject section */

/* Begin PBXResourcesBuildPhase section */
		986F343E1E35CD89001BB184 /* Resources */ = {
			isa = PBXResourcesBuildPhase;
			buildActionMask = 2147483647;
			files = (
				986F344E1E35CD8A001BB184 /* LaunchScreen.storyboard in Resources */,
				986F344B1E35CD8A001BB184 /* Assets.xcassets in Resources */,
				986F34491E35CD8A001BB184 /* Main.storyboard in Resources */,
			);
			runOnlyForDeploymentPostprocessing = 0;
		};
/* End PBXResourcesBuildPhase section */

/* Begin PBXShellScriptBuildPhase section */
		07EAC0DC3580353D7A55D94B /* [CP] Check Pods Manifest.lock */ = {
			isa = PBXShellScriptBuildPhase;
			buildActionMask = 2147483647;
			files = (
			);
			inputPaths = (
			);
			name = "[CP] Check Pods Manifest.lock";
			outputPaths = (
			);
			runOnlyForDeploymentPostprocessing = 0;
			shellPath = /bin/sh;
			shellScript = "diff \"${PODS_ROOT}/../Podfile.lock\" \"${PODS_ROOT}/Manifest.lock\" > /dev/null\nif [[ $? != 0 ]] ; then\n    cat << EOM\nerror: The sandbox is not in sync with the Podfile.lock. Run 'pod install' or update your CocoaPods installation.\nEOM\n    exit 1\nfi\n";
			showEnvVarsInLog = 0;
		};
		55327DD704C6CE6682CF3D9D /* [CP] Copy Pods Resources */ = {
			isa = PBXShellScriptBuildPhase;
			buildActionMask = 2147483647;
			files = (
			);
			inputPaths = (
			);
			name = "[CP] Copy Pods Resources";
			outputPaths = (
			);
			runOnlyForDeploymentPostprocessing = 0;
			shellPath = /bin/sh;
			shellScript = "\"${SRCROOT}/Pods/Target Support Files/Pods-Enchant/Pods-Enchant-resources.sh\"\n";
			showEnvVarsInLog = 0;
		};
		B587E21149DC7C22DC1F83FE /* [CP] Embed Pods Frameworks */ = {
			isa = PBXShellScriptBuildPhase;
			buildActionMask = 2147483647;
			files = (
			);
			inputPaths = (
			);
			name = "[CP] Embed Pods Frameworks";
			outputPaths = (
			);
			runOnlyForDeploymentPostprocessing = 0;
			shellPath = /bin/sh;
			shellScript = "\"${SRCROOT}/Pods/Target Support Files/Pods-Enchant/Pods-Enchant-frameworks.sh\"\n";
			showEnvVarsInLog = 0;
		};
/* End PBXShellScriptBuildPhase section */

/* Begin PBXSourcesBuildPhase section */
		986F343C1E35CD89001BB184 /* Sources */ = {
			isa = PBXSourcesBuildPhase;
			buildActionMask = 2147483647;
			files = (
				986F34461E35CD8A001BB184 /* CaptureViewController.swift in Sources */,
				98215B1F1E405B8300DDED93 /* CheifSpecialTableViewCell.swift in Sources */,
				98D5ABF81E36B12400FB2B07 /* UIViewExtension.swift in Sources */,
				98215B1D1E3FF28000DDED93 /* ProfileTableViewController.swift in Sources */,
				98D28E2A1E36C7DC00584CB1 /* AppNotification.swift in Sources */,
				98D28E2D1E372EE200584CB1 /* PlayerView.swift in Sources */,
				98215B221E405D1700DDED93 /* CheifSpecialCollectionViewCell.swift in Sources */,
				98D28E291E36C7DC00584CB1 /* SegueIdentifier.swift in Sources */,
				98EFAFB41E3878C200629289 /* Ultility.swift in Sources */,
				986F34441E35CD8A001BB184 /* AppDelegate.swift in Sources */,
				98215B241E40FEEF00DDED93 /* ProfileViewController.swift in Sources */,
				98D28E2B1E36C7DC00584CB1 /* App.swift in Sources */,
				98D28E281E36C7DC00584CB1 /* StorybordIdentifier.swift in Sources */,
			);
			runOnlyForDeploymentPostprocessing = 0;
		};
/* End PBXSourcesBuildPhase section */

/* Begin PBXVariantGroup section */
		986F34471E35CD8A001BB184 /* Main.storyboard */ = {
			isa = PBXVariantGroup;
			children = (
				986F34481E35CD8A001BB184 /* Base */,
			);
			name = Main.storyboard;
			sourceTree = "<group>";
		};
		986F344C1E35CD8A001BB184 /* LaunchScreen.storyboard */ = {
			isa = PBXVariantGroup;
			children = (
				986F344D1E35CD8A001BB184 /* Base */,
			);
			name = LaunchScreen.storyboard;
			sourceTree = "<group>";
		};
/* End PBXVariantGroup section */

/* Begin XCBuildConfiguration section */
		986F34501E35CD8A001BB184 /* Debug */ = {
			isa = XCBuildConfiguration;
			buildSettings = {
				ALWAYS_SEARCH_USER_PATHS = NO;
				CLANG_ANALYZER_NONNULL = YES;
				CLANG_CXX_LANGUAGE_STANDARD = "gnu++0x";
				CLANG_CXX_LIBRARY = "libc++";
				CLANG_ENABLE_MODULES = YES;
				CLANG_ENABLE_OBJC_ARC = YES;
				CLANG_WARN_BOOL_CONVERSION = YES;
				CLANG_WARN_CONSTANT_CONVERSION = YES;
				CLANG_WARN_DIRECT_OBJC_ISA_USAGE = YES_ERROR;
				CLANG_WARN_DOCUMENTATION_COMMENTS = YES;
				CLANG_WARN_EMPTY_BODY = YES;
				CLANG_WARN_ENUM_CONVERSION = YES;
				CLANG_WARN_INFINITE_RECURSION = YES;
				CLANG_WARN_INT_CONVERSION = YES;
				CLANG_WARN_OBJC_ROOT_CLASS = YES_ERROR;
				CLANG_WARN_SUSPICIOUS_MOVE = YES;
				CLANG_WARN_UNREACHABLE_CODE = YES;
				CLANG_WARN__DUPLICATE_METHOD_MATCH = YES;
				"CODE_SIGN_IDENTITY[sdk=iphoneos*]" = "iPhone Developer";
				COPY_PHASE_STRIP = NO;
				DEBUG_INFORMATION_FORMAT = dwarf;
				ENABLE_STRICT_OBJC_MSGSEND = YES;
				ENABLE_TESTABILITY = YES;
				GCC_C_LANGUAGE_STANDARD = gnu99;
				GCC_DYNAMIC_NO_PIC = NO;
				GCC_NO_COMMON_BLOCKS = YES;
				GCC_OPTIMIZATION_LEVEL = 0;
				GCC_PREPROCESSOR_DEFINITIONS = (
					"DEBUG=1",
					"$(inherited)",
				);
				GCC_WARN_64_TO_32_BIT_CONVERSION = YES;
				GCC_WARN_ABOUT_RETURN_TYPE = YES_ERROR;
				GCC_WARN_UNDECLARED_SELECTOR = YES;
				GCC_WARN_UNINITIALIZED_AUTOS = YES_AGGRESSIVE;
				GCC_WARN_UNUSED_FUNCTION = YES;
				GCC_WARN_UNUSED_VARIABLE = YES;
				IPHONEOS_DEPLOYMENT_TARGET = 10.2;
				MTL_ENABLE_DEBUG_INFO = YES;
				ONLY_ACTIVE_ARCH = YES;
				SDKROOT = iphoneos;
				SWIFT_ACTIVE_COMPILATION_CONDITIONS = DEBUG;
				SWIFT_OPTIMIZATION_LEVEL = "-Onone";
			};
			name = Debug;
		};
		986F34511E35CD8A001BB184 /* Release */ = {
			isa = XCBuildConfiguration;
			buildSettings = {
				ALWAYS_SEARCH_USER_PATHS = NO;
				CLANG_ANALYZER_NONNULL = YES;
				CLANG_CXX_LANGUAGE_STANDARD = "gnu++0x";
				CLANG_CXX_LIBRARY = "libc++";
				CLANG_ENABLE_MODULES = YES;
				CLANG_ENABLE_OBJC_ARC = YES;
				CLANG_WARN_BOOL_CONVERSION = YES;
				CLANG_WARN_CONSTANT_CONVERSION = YES;
				CLANG_WARN_DIRECT_OBJC_ISA_USAGE = YES_ERROR;
				CLANG_WARN_DOCUMENTATION_COMMENTS = YES;
				CLANG_WARN_EMPTY_BODY = YES;
				CLANG_WARN_ENUM_CONVERSION = YES;
				CLANG_WARN_INFINITE_RECURSION = YES;
				CLANG_WARN_INT_CONVERSION = YES;
				CLANG_WARN_OBJC_ROOT_CLASS = YES_ERROR;
				CLANG_WARN_SUSPICIOUS_MOVE = YES;
				CLANG_WARN_UNREACHABLE_CODE = YES;
				CLANG_WARN__DUPLICATE_METHOD_MATCH = YES;
				"CODE_SIGN_IDENTITY[sdk=iphoneos*]" = "iPhone Developer";
				COPY_PHASE_STRIP = NO;
				DEBUG_INFORMATION_FORMAT = "dwarf-with-dsym";
				ENABLE_NS_ASSERTIONS = NO;
				ENABLE_STRICT_OBJC_MSGSEND = YES;
				GCC_C_LANGUAGE_STANDARD = gnu99;
				GCC_NO_COMMON_BLOCKS = YES;
				GCC_WARN_64_TO_32_BIT_CONVERSION = YES;
				GCC_WARN_ABOUT_RETURN_TYPE = YES_ERROR;
				GCC_WARN_UNDECLARED_SELECTOR = YES;
				GCC_WARN_UNINITIALIZED_AUTOS = YES_AGGRESSIVE;
				GCC_WARN_UNUSED_FUNCTION = YES;
				GCC_WARN_UNUSED_VARIABLE = YES;
				IPHONEOS_DEPLOYMENT_TARGET = 10.2;
				MTL_ENABLE_DEBUG_INFO = NO;
				SDKROOT = iphoneos;
				SWIFT_OPTIMIZATION_LEVEL = "-Owholemodule";
				VALIDATE_PRODUCT = YES;
			};
			name = Release;
		};
		986F34531E35CD8A001BB184 /* Debug */ = {
			isa = XCBuildConfiguration;
			baseConfigurationReference = A19D911A0874661D1F3F0211 /* Pods-Enchant.debug.xcconfig */;
			buildSettings = {
				ASSETCATALOG_COMPILER_APPICON_NAME = AppIcon;
				DEVELOPMENT_TEAM = 2ATYTS9SNC;
				INFOPLIST_FILE = Enchant/Info.plist;
				LD_RUNPATH_SEARCH_PATHS = "$(inherited) @executable_path/Frameworks";
				PRODUCT_BUNDLE_IDENTIFIER = com.kesongxie.Enchant;
				PRODUCT_NAME = "$(TARGET_NAME)";
				SWIFT_VERSION = 3.0;
			};
			name = Debug;
		};
		986F34541E35CD8A001BB184 /* Release */ = {
			isa = XCBuildConfiguration;
			baseConfigurationReference = 57E0E0E86DECBEEF23494BD9 /* Pods-Enchant.release.xcconfig */;
			buildSettings = {
				ASSETCATALOG_COMPILER_APPICON_NAME = AppIcon;
				DEVELOPMENT_TEAM = 2ATYTS9SNC;
				INFOPLIST_FILE = Enchant/Info.plist;
				LD_RUNPATH_SEARCH_PATHS = "$(inherited) @executable_path/Frameworks";
				PRODUCT_BUNDLE_IDENTIFIER = com.kesongxie.Enchant;
				PRODUCT_NAME = "$(TARGET_NAME)";
				SWIFT_VERSION = 3.0;
			};
			name = Release;
		};
/* End XCBuildConfiguration section */

/* Begin XCConfigurationList section */
		986F343B1E35CD89001BB184 /* Build configuration list for PBXProject "Enchant" */ = {
			isa = XCConfigurationList;
			buildConfigurations = (
				986F34501E35CD8A001BB184 /* Debug */,
				986F34511E35CD8A001BB184 /* Release */,
			);
			defaultConfigurationIsVisible = 0;
			defaultConfigurationName = Release;
		};
		986F34521E35CD8A001BB184 /* Build configuration list for PBXNativeTarget "Enchant" */ = {
			isa = XCConfigurationList;
			buildConfigurations = (
				986F34531E35CD8A001BB184 /* Debug */,
				986F34541E35CD8A001BB184 /* Release */,
			);
			defaultConfigurationIsVisible = 0;
			defaultConfigurationName = Release;
		};
/* End XCConfigurationList section */
	};
	rootObject = 986F34381E35CD89001BB184 /* Project object */;
}
